
Microsoft Visual Studio Solution File, Format Version 12.00
# Visual Studio Version 17
VisualStudioVersion = 17.11.35222.181
MinimumVisualStudioVersion = 10.0.40219.1
Project("{FAE04EC0-301F-11D3-BF4B-00C04F79EFBC}") = "BIT.Autonumeracion", "BIT.Autonumeracion\BIT.Autonumeracion.csproj", "{F53BABED-EC3C-4B71-BC85-E62C3C0DC0EF}"
EndProject
Global
	GlobalSection(SolutionConfigurationPlatforms) = preSolution
		Debug|Any CPU = Debug|Any CPU
		Release|Any CPU = Release|Any CPU
	EndGlobalSection
	GlobalSection(ProjectConfigurationPlatforms) = postSolution
		{F53BABED-EC3C-4B71-BC85-E62C3C0DC0EF}.Debug|Any CPU.ActiveCfg = Debug|Any CPU
		{F53BABED-EC3C-4B71-BC85-E62C3C0DC0EF}.Debug|Any CPU.Build.0 = Debug|Any CPU
		{F53BABED-EC3C-4B71-BC85-E62C3C0DC0EF}.Release|Any CPU.ActiveCfg = Release|Any CPU
		{F53BABED-EC3C-4B71-BC85-E62C3C0DC0EF}.Release|Any CPU.Build.0 = Release|Any CPU
	EndGlobalSection
	GlobalSection(SolutionProperties) = preSolution
		HideSolutionNode = FALSE
	EndGlobalSection
	GlobalSection(ExtensibilityGlobals) = postSolution
		SolutionGuid = {BE9D8648-BA63-404A-81E8-5443CB352537}
	EndGlobalSection
EndGlobal
